
Microsoft Visual Studio Solution File, Format Version 12.00
# Visual Studio 2013
VisualStudioVersion = 12.0.31101.0
MinimumVisualStudioVersion = 10.0.40219.1
Project("{FAE04EC0-301F-11D3-BF4B-00C04F79EFBC}") = "MVVM.Core", "MVVM.Core\MVVM.Core.csproj", "{AB8030BF-2BB7-4661-AB56-BCB3AC00D641}"
EndProject
Project("{FAE04EC0-301F-11D3-BF4B-00C04F79EFBC}") = "MVVM.Store", "MVVM.Store\MVVM.Store.csproj", "{238C0EA2-5C8E-4492-A72C-CA8FBFD415B2}"
EndProject
Project("{FAE04EC0-301F-11D3-BF4B-00C04F79EFBC}") = "MVVM.Droid", "MVVM.Droid\MVVM.Droid.csproj", "{F79F7DEB-9E23-44FA-B86E-69B159063742}"
EndProject
Global
	GlobalSection(SolutionConfigurationPlatforms) = preSolution
		Debug|Any CPU = Debug|Any CPU
		Debug|ARM = Debug|ARM
		Debug|x86 = Debug|x86
		Release|Any CPU = Release|Any CPU
		Release|ARM = Release|ARM
		Release|x86 = Release|x86
	EndGlobalSection
	GlobalSection(ProjectConfigurationPlatforms) = postSolution
		{AB8030BF-2BB7-4661-AB56-BCB3AC00D641}.Debug|Any CPU.ActiveCfg = Debug|Any CPU
		{AB8030BF-2BB7-4661-AB56-BCB3AC00D641}.Debug|Any CPU.Build.0 = Debug|Any CPU
		{AB8030BF-2BB7-4661-AB56-BCB3AC00D641}.Debug|ARM.ActiveCfg = Debug|Any CPU
		{AB8030BF-2BB7-4661-AB56-BCB3AC00D641}.Debug|x86.ActiveCfg = Debug|Any CPU
		{AB8030BF-2BB7-4661-AB56-BCB3AC00D641}.Release|Any CPU.ActiveCfg = Release|Any CPU
		{AB8030BF-2BB7-4661-AB56-BCB3AC00D641}.Release|Any CPU.Build.0 = Release|Any CPU
		{AB8030BF-2BB7-4661-AB56-BCB3AC00D641}.Release|ARM.ActiveCfg = Release|Any CPU
		{AB8030BF-2BB7-4661-AB56-BCB3AC00D641}.Release|x86.ActiveCfg = Release|Any CPU
		{238C0EA2-5C8E-4492-A72C-CA8FBFD415B2}.Debug|Any CPU.ActiveCfg = Debug|Any CPU
		{238C0EA2-5C8E-4492-A72C-CA8FBFD415B2}.Debug|Any CPU.Build.0 = Debug|Any CPU
		{238C0EA2-5C8E-4492-A72C-CA8FBFD415B2}.Debug|Any CPU.Deploy.0 = Debug|Any CPU
		{238C0EA2-5C8E-4492-A72C-CA8FBFD415B2}.Debug|ARM.ActiveCfg = Debug|ARM
		{238C0EA2-5C8E-4492-A72C-CA8FBFD415B2}.Debug|ARM.Build.0 = Debug|ARM
		{238C0EA2-5C8E-4492-A72C-CA8FBFD415B2}.Debug|ARM.Deploy.0 = Debug|ARM
		{238C0EA2-5C8E-4492-A72C-CA8FBFD415B2}.Debug|x86.ActiveCfg = Debug|x86
		{238C0EA2-5C8E-4492-A72C-CA8FBFD415B2}.Debug|x86.Build.0 = Debug|x86
		{238C0EA2-5C8E-4492-A72C-CA8FBFD415B2}.Debug|x86.Deploy.0 = Debug|x86
		{238C0EA2-5C8E-4492-A72C-CA8FBFD415B2}.Release|Any CPU.ActiveCfg = Release|Any CPU
		{238C0EA2-5C8E-4492-A72C-CA8FBFD415B2}.Release|Any CPU.Build.0 = Release|Any CPU
		{238C0EA2-5C8E-4492-A72C-CA8FBFD415B2}.Release|Any CPU.Deploy.0 = Release|Any CPU
		{238C0EA2-5C8E-4492-A72C-CA8FBFD415B2}.Release|ARM.ActiveCfg = Release|ARM
		{238C0EA2-5C8E-4492-A72C-CA8FBFD415B2}.Release|ARM.Build.0 = Release|ARM
		{238C0EA2-5C8E-4492-A72C-CA8FBFD415B2}.Release|ARM.Deploy.0 = Release|ARM
		{238C0EA2-5C8E-4492-A72C-CA8FBFD415B2}.Release|x86.ActiveCfg = Release|x86
		{238C0EA2-5C8E-4492-A72C-CA8FBFD415B2}.Release|x86.Build.0 = Release|x86
		{238C0EA2-5C8E-4492-A72C-CA8FBFD415B2}.Release|x86.Deploy.0 = Release|x86
		{F79F7DEB-9E23-44FA-B86E-69B159063742}.Debug|Any CPU.ActiveCfg = Debug|Any CPU
		{F79F7DEB-9E23-44FA-B86E-69B159063742}.Debug|Any CPU.Build.0 = Debug|Any CPU
		{F79F7DEB-9E23-44FA-B86E-69B159063742}.Debug|Any CPU.Deploy.0 = Debug|Any CPU
		{F79F7DEB-9E23-44FA-B86E-69B159063742}.Debug|ARM.ActiveCfg = Debug|Any CPU
		{F79F7DEB-9E23-44FA-B86E-69B159063742}.Debug|x86.ActiveCfg = Debug|Any CPU
		{F79F7DEB-9E23-44FA-B86E-69B159063742}.Release|Any CPU.ActiveCfg = Release|Any CPU
		{F79F7DEB-9E23-44FA-B86E-69B159063742}.Release|Any CPU.Build.0 = Release|Any CPU
		{F79F7DEB-9E23-44FA-B86E-69B159063742}.Release|Any CPU.Deploy.0 = Release|Any CPU
		{F79F7DEB-9E23-44FA-B86E-69B159063742}.Release|ARM.ActiveCfg = Release|Any CPU
		{F79F7DEB-9E23-44FA-B86E-69B159063742}.Release|x86.ActiveCfg = Release|Any CPU
	EndGlobalSection
	GlobalSection(SolutionProperties) = preSolution
		HideSolutionNode = FALSE
	EndGlobalSection
EndGlobal
