
Microsoft Visual Studio Solution File, Format Version 12.00
# Visual Studio 2013
VisualStudioVersion = 12.0.31101.0
MinimumVisualStudioVersion = 10.0.40219.1
Project("{FAE04EC0-301F-11D3-BF4B-00C04F79EFBC}") = "MVVM.Core", "MVVM.Core\MVVM.Core.csproj", "{AB8030BF-2BB7-4661-AB56-BCB3AC00D641}"
EndProject
Project("{FAE04EC0-301F-11D3-BF4B-00C04F79EFBC}") = "MVVM.Droid", "MVVM.Droid\MVVM.Droid.csproj", "{F79F7DEB-9E23-44FA-B86E-69B159063742}"
EndProject
Project("{FAE04EC0-301F-11D3-BF4B-00C04F79EFBC}") = "MVVM.WP", "MVVM.WP\MVVM.WP.csproj", "{3C89FA24-C8A1-4248-B7DF-51F6990B8CA6}"
EndProject
Project("{FAE04EC0-301F-11D3-BF4B-00C04F79EFBC}") = "MVVM.Store", "MVVM.Store\MVVM.Store.csproj", "{FB8A080C-BE3A-4C47-A745-07AEA52A259D}"
EndProject
Project("{FAE04EC0-301F-11D3-BF4B-00C04F79EFBC}") = "MVVM.iOS", "MVVM.iOS\MVVM.iOS.csproj", "{2CA6F6FA-8274-4DD4-AA26-28D8C8D03456}"
EndProject
Global
	GlobalSection(SolutionConfigurationPlatforms) = preSolution
		Ad-Hoc|Any CPU = Ad-Hoc|Any CPU
		Ad-Hoc|ARM = Ad-Hoc|ARM
		Ad-Hoc|iPhone = Ad-Hoc|iPhone
		Ad-Hoc|iPhoneSimulator = Ad-Hoc|iPhoneSimulator
		Ad-Hoc|Mixed Platforms = Ad-Hoc|Mixed Platforms
		Ad-Hoc|x64 = Ad-Hoc|x64
		Ad-Hoc|x86 = Ad-Hoc|x86
		AppStore|Any CPU = AppStore|Any CPU
		AppStore|ARM = AppStore|ARM
		AppStore|iPhone = AppStore|iPhone
		AppStore|iPhoneSimulator = AppStore|iPhoneSimulator
		AppStore|Mixed Platforms = AppStore|Mixed Platforms
		AppStore|x64 = AppStore|x64
		AppStore|x86 = AppStore|x86
		Debug|Any CPU = Debug|Any CPU
		Debug|ARM = Debug|ARM
		Debug|iPhone = Debug|iPhone
		Debug|iPhoneSimulator = Debug|iPhoneSimulator
		Debug|Mixed Platforms = Debug|Mixed Platforms
		Debug|x64 = Debug|x64
		Debug|x86 = Debug|x86
		Release|Any CPU = Release|Any CPU
		Release|ARM = Release|ARM
		Release|iPhone = Release|iPhone
		Release|iPhoneSimulator = Release|iPhoneSimulator
		Release|Mixed Platforms = Release|Mixed Platforms
		Release|x64 = Release|x64
		Release|x86 = Release|x86
	EndGlobalSection
	GlobalSection(ProjectConfigurationPlatforms) = postSolution
		{AB8030BF-2BB7-4661-AB56-BCB3AC00D641}.Ad-Hoc|Any CPU.ActiveCfg = Release|Any CPU
		{AB8030BF-2BB7-4661-AB56-BCB3AC00D641}.Ad-Hoc|Any CPU.Build.0 = Release|Any CPU
		{AB8030BF-2BB7-4661-AB56-BCB3AC00D641}.Ad-Hoc|ARM.ActiveCfg = Release|Any CPU
		{AB8030BF-2BB7-4661-AB56-BCB3AC00D641}.Ad-Hoc|iPhone.ActiveCfg = Release|Any CPU
		{AB8030BF-2BB7-4661-AB56-BCB3AC00D641}.Ad-Hoc|iPhoneSimulator.ActiveCfg = Release|Any CPU
		{AB8030BF-2BB7-4661-AB56-BCB3AC00D641}.Ad-Hoc|Mixed Platforms.ActiveCfg = Release|Any CPU
		{AB8030BF-2BB7-4661-AB56-BCB3AC00D641}.Ad-Hoc|Mixed Platforms.Build.0 = Release|Any CPU
		{AB8030BF-2BB7-4661-AB56-BCB3AC00D641}.Ad-Hoc|x64.ActiveCfg = Debug|Any CPU
		{AB8030BF-2BB7-4661-AB56-BCB3AC00D641}.Ad-Hoc|x86.ActiveCfg = Release|Any CPU
		{AB8030BF-2BB7-4661-AB56-BCB3AC00D641}.AppStore|Any CPU.ActiveCfg = Release|Any CPU
		{AB8030BF-2BB7-4661-AB56-BCB3AC00D641}.AppStore|Any CPU.Build.0 = Release|Any CPU
		{AB8030BF-2BB7-4661-AB56-BCB3AC00D641}.AppStore|ARM.ActiveCfg = Release|Any CPU
		{AB8030BF-2BB7-4661-AB56-BCB3AC00D641}.AppStore|iPhone.ActiveCfg = Release|Any CPU
		{AB8030BF-2BB7-4661-AB56-BCB3AC00D641}.AppStore|iPhoneSimulator.ActiveCfg = Release|Any CPU
		{AB8030BF-2BB7-4661-AB56-BCB3AC00D641}.AppStore|Mixed Platforms.ActiveCfg = Release|Any CPU
		{AB8030BF-2BB7-4661-AB56-BCB3AC00D641}.AppStore|Mixed Platforms.Build.0 = Release|Any CPU
		{AB8030BF-2BB7-4661-AB56-BCB3AC00D641}.AppStore|x64.ActiveCfg = Debug|Any CPU
		{AB8030BF-2BB7-4661-AB56-BCB3AC00D641}.AppStore|x86.ActiveCfg = Release|Any CPU
		{AB8030BF-2BB7-4661-AB56-BCB3AC00D641}.Debug|Any CPU.ActiveCfg = Debug|Any CPU
		{AB8030BF-2BB7-4661-AB56-BCB3AC00D641}.Debug|Any CPU.Build.0 = Debug|Any CPU
		{AB8030BF-2BB7-4661-AB56-BCB3AC00D641}.Debug|ARM.ActiveCfg = Debug|Any CPU
		{AB8030BF-2BB7-4661-AB56-BCB3AC00D641}.Debug|iPhone.ActiveCfg = Debug|Any CPU
		{AB8030BF-2BB7-4661-AB56-BCB3AC00D641}.Debug|iPhoneSimulator.ActiveCfg = Debug|Any CPU
		{AB8030BF-2BB7-4661-AB56-BCB3AC00D641}.Debug|Mixed Platforms.ActiveCfg = Debug|Any CPU
		{AB8030BF-2BB7-4661-AB56-BCB3AC00D641}.Debug|Mixed Platforms.Build.0 = Debug|Any CPU
		{AB8030BF-2BB7-4661-AB56-BCB3AC00D641}.Debug|x64.ActiveCfg = Debug|Any CPU
		{AB8030BF-2BB7-4661-AB56-BCB3AC00D641}.Debug|x86.ActiveCfg = Debug|Any CPU
		{AB8030BF-2BB7-4661-AB56-BCB3AC00D641}.Release|Any CPU.ActiveCfg = Release|Any CPU
		{AB8030BF-2BB7-4661-AB56-BCB3AC00D641}.Release|Any CPU.Build.0 = Release|Any CPU
		{AB8030BF-2BB7-4661-AB56-BCB3AC00D641}.Release|ARM.ActiveCfg = Release|Any CPU
		{AB8030BF-2BB7-4661-AB56-BCB3AC00D641}.Release|iPhone.ActiveCfg = Release|Any CPU
		{AB8030BF-2BB7-4661-AB56-BCB3AC00D641}.Release|iPhoneSimulator.ActiveCfg = Release|Any CPU
		{AB8030BF-2BB7-4661-AB56-BCB3AC00D641}.Release|Mixed Platforms.ActiveCfg = Release|Any CPU
		{AB8030BF-2BB7-4661-AB56-BCB3AC00D641}.Release|Mixed Platforms.Build.0 = Release|Any CPU
		{AB8030BF-2BB7-4661-AB56-BCB3AC00D641}.Release|x64.ActiveCfg = Release|Any CPU
		{AB8030BF-2BB7-4661-AB56-BCB3AC00D641}.Release|x86.ActiveCfg = Release|Any CPU
		{F79F7DEB-9E23-44FA-B86E-69B159063742}.Ad-Hoc|Any CPU.ActiveCfg = Release|Any CPU
		{F79F7DEB-9E23-44FA-B86E-69B159063742}.Ad-Hoc|Any CPU.Build.0 = Release|Any CPU
		{F79F7DEB-9E23-44FA-B86E-69B159063742}.Ad-Hoc|Any CPU.Deploy.0 = Release|Any CPU
		{F79F7DEB-9E23-44FA-B86E-69B159063742}.Ad-Hoc|ARM.ActiveCfg = Release|Any CPU
		{F79F7DEB-9E23-44FA-B86E-69B159063742}.Ad-Hoc|iPhone.ActiveCfg = Release|Any CPU
		{F79F7DEB-9E23-44FA-B86E-69B159063742}.Ad-Hoc|iPhoneSimulator.ActiveCfg = Release|Any CPU
		{F79F7DEB-9E23-44FA-B86E-69B159063742}.Ad-Hoc|Mixed Platforms.ActiveCfg = Release|Any CPU
		{F79F7DEB-9E23-44FA-B86E-69B159063742}.Ad-Hoc|Mixed Platforms.Build.0 = Release|Any CPU
		{F79F7DEB-9E23-44FA-B86E-69B159063742}.Ad-Hoc|Mixed Platforms.Deploy.0 = Release|Any CPU
		{F79F7DEB-9E23-44FA-B86E-69B159063742}.Ad-Hoc|x64.ActiveCfg = Debug|Any CPU
		{F79F7DEB-9E23-44FA-B86E-69B159063742}.Ad-Hoc|x86.ActiveCfg = Release|Any CPU
		{F79F7DEB-9E23-44FA-B86E-69B159063742}.AppStore|Any CPU.ActiveCfg = Release|Any CPU
		{F79F7DEB-9E23-44FA-B86E-69B159063742}.AppStore|Any CPU.Build.0 = Release|Any CPU
		{F79F7DEB-9E23-44FA-B86E-69B159063742}.AppStore|Any CPU.Deploy.0 = Release|Any CPU
		{F79F7DEB-9E23-44FA-B86E-69B159063742}.AppStore|ARM.ActiveCfg = Release|Any CPU
		{F79F7DEB-9E23-44FA-B86E-69B159063742}.AppStore|iPhone.ActiveCfg = Release|Any CPU
		{F79F7DEB-9E23-44FA-B86E-69B159063742}.AppStore|iPhoneSimulator.ActiveCfg = Release|Any CPU
		{F79F7DEB-9E23-44FA-B86E-69B159063742}.AppStore|Mixed Platforms.ActiveCfg = Release|Any CPU
		{F79F7DEB-9E23-44FA-B86E-69B159063742}.AppStore|Mixed Platforms.Build.0 = Release|Any CPU
		{F79F7DEB-9E23-44FA-B86E-69B159063742}.AppStore|Mixed Platforms.Deploy.0 = Release|Any CPU
		{F79F7DEB-9E23-44FA-B86E-69B159063742}.AppStore|x64.ActiveCfg = Debug|Any CPU
		{F79F7DEB-9E23-44FA-B86E-69B159063742}.AppStore|x86.ActiveCfg = Release|Any CPU
		{F79F7DEB-9E23-44FA-B86E-69B159063742}.Debug|Any CPU.ActiveCfg = Debug|Any CPU
		{F79F7DEB-9E23-44FA-B86E-69B159063742}.Debug|Any CPU.Build.0 = Debug|Any CPU
		{F79F7DEB-9E23-44FA-B86E-69B159063742}.Debug|Any CPU.Deploy.0 = Debug|Any CPU
		{F79F7DEB-9E23-44FA-B86E-69B159063742}.Debug|ARM.ActiveCfg = Debug|Any CPU
		{F79F7DEB-9E23-44FA-B86E-69B159063742}.Debug|iPhone.ActiveCfg = Debug|Any CPU
		{F79F7DEB-9E23-44FA-B86E-69B159063742}.Debug|iPhoneSimulator.ActiveCfg = Debug|Any CPU
		{F79F7DEB-9E23-44FA-B86E-69B159063742}.Debug|Mixed Platforms.ActiveCfg = Debug|Any CPU
		{F79F7DEB-9E23-44FA-B86E-69B159063742}.Debug|Mixed Platforms.Build.0 = Debug|Any CPU
		{F79F7DEB-9E23-44FA-B86E-69B159063742}.Debug|Mixed Platforms.Deploy.0 = Debug|Any CPU
		{F79F7DEB-9E23-44FA-B86E-69B159063742}.Debug|x64.ActiveCfg = Debug|Any CPU
		{F79F7DEB-9E23-44FA-B86E-69B159063742}.Debug|x86.ActiveCfg = Debug|Any CPU
		{F79F7DEB-9E23-44FA-B86E-69B159063742}.Release|Any CPU.ActiveCfg = Release|Any CPU
		{F79F7DEB-9E23-44FA-B86E-69B159063742}.Release|Any CPU.Build.0 = Release|Any CPU
		{F79F7DEB-9E23-44FA-B86E-69B159063742}.Release|Any CPU.Deploy.0 = Release|Any CPU
		{F79F7DEB-9E23-44FA-B86E-69B159063742}.Release|ARM.ActiveCfg = Release|Any CPU
		{F79F7DEB-9E23-44FA-B86E-69B159063742}.Release|iPhone.ActiveCfg = Release|Any CPU
		{F79F7DEB-9E23-44FA-B86E-69B159063742}.Release|iPhoneSimulator.ActiveCfg = Release|Any CPU
		{F79F7DEB-9E23-44FA-B86E-69B159063742}.Release|Mixed Platforms.ActiveCfg = Release|Any CPU
		{F79F7DEB-9E23-44FA-B86E-69B159063742}.Release|Mixed Platforms.Build.0 = Release|Any CPU
		{F79F7DEB-9E23-44FA-B86E-69B159063742}.Release|Mixed Platforms.Deploy.0 = Release|Any CPU
		{F79F7DEB-9E23-44FA-B86E-69B159063742}.Release|x64.ActiveCfg = Release|Any CPU
		{F79F7DEB-9E23-44FA-B86E-69B159063742}.Release|x86.ActiveCfg = Release|Any CPU
		{3C89FA24-C8A1-4248-B7DF-51F6990B8CA6}.Ad-Hoc|Any CPU.ActiveCfg = Release|Any CPU
		{3C89FA24-C8A1-4248-B7DF-51F6990B8CA6}.Ad-Hoc|Any CPU.Build.0 = Release|Any CPU
		{3C89FA24-C8A1-4248-B7DF-51F6990B8CA6}.Ad-Hoc|Any CPU.Deploy.0 = Release|Any CPU
		{3C89FA24-C8A1-4248-B7DF-51F6990B8CA6}.Ad-Hoc|ARM.ActiveCfg = Release|ARM
		{3C89FA24-C8A1-4248-B7DF-51F6990B8CA6}.Ad-Hoc|ARM.Build.0 = Release|ARM
		{3C89FA24-C8A1-4248-B7DF-51F6990B8CA6}.Ad-Hoc|ARM.Deploy.0 = Release|ARM
		{3C89FA24-C8A1-4248-B7DF-51F6990B8CA6}.Ad-Hoc|iPhone.ActiveCfg = Release|Any CPU
		{3C89FA24-C8A1-4248-B7DF-51F6990B8CA6}.Ad-Hoc|iPhoneSimulator.ActiveCfg = Release|Any CPU
		{3C89FA24-C8A1-4248-B7DF-51F6990B8CA6}.Ad-Hoc|Mixed Platforms.ActiveCfg = Release|x86
		{3C89FA24-C8A1-4248-B7DF-51F6990B8CA6}.Ad-Hoc|Mixed Platforms.Build.0 = Release|x86
		{3C89FA24-C8A1-4248-B7DF-51F6990B8CA6}.Ad-Hoc|Mixed Platforms.Deploy.0 = Release|x86
		{3C89FA24-C8A1-4248-B7DF-51F6990B8CA6}.Ad-Hoc|x64.ActiveCfg = Release|Any CPU
		{3C89FA24-C8A1-4248-B7DF-51F6990B8CA6}.Ad-Hoc|x86.ActiveCfg = Release|x86
		{3C89FA24-C8A1-4248-B7DF-51F6990B8CA6}.Ad-Hoc|x86.Build.0 = Release|x86
		{3C89FA24-C8A1-4248-B7DF-51F6990B8CA6}.Ad-Hoc|x86.Deploy.0 = Release|x86
		{3C89FA24-C8A1-4248-B7DF-51F6990B8CA6}.AppStore|Any CPU.ActiveCfg = Release|Any CPU
		{3C89FA24-C8A1-4248-B7DF-51F6990B8CA6}.AppStore|Any CPU.Build.0 = Release|Any CPU
		{3C89FA24-C8A1-4248-B7DF-51F6990B8CA6}.AppStore|Any CPU.Deploy.0 = Release|Any CPU
		{3C89FA24-C8A1-4248-B7DF-51F6990B8CA6}.AppStore|ARM.ActiveCfg = Release|ARM
		{3C89FA24-C8A1-4248-B7DF-51F6990B8CA6}.AppStore|ARM.Build.0 = Release|ARM
		{3C89FA24-C8A1-4248-B7DF-51F6990B8CA6}.AppStore|ARM.Deploy.0 = Release|ARM
		{3C89FA24-C8A1-4248-B7DF-51F6990B8CA6}.AppStore|iPhone.ActiveCfg = Release|Any CPU
		{3C89FA24-C8A1-4248-B7DF-51F6990B8CA6}.AppStore|iPhoneSimulator.ActiveCfg = Release|Any CPU
		{3C89FA24-C8A1-4248-B7DF-51F6990B8CA6}.AppStore|Mixed Platforms.ActiveCfg = Release|x86
		{3C89FA24-C8A1-4248-B7DF-51F6990B8CA6}.AppStore|Mixed Platforms.Build.0 = Release|x86
		{3C89FA24-C8A1-4248-B7DF-51F6990B8CA6}.AppStore|Mixed Platforms.Deploy.0 = Release|x86
		{3C89FA24-C8A1-4248-B7DF-51F6990B8CA6}.AppStore|x64.ActiveCfg = Release|Any CPU
		{3C89FA24-C8A1-4248-B7DF-51F6990B8CA6}.AppStore|x86.ActiveCfg = Release|x86
		{3C89FA24-C8A1-4248-B7DF-51F6990B8CA6}.AppStore|x86.Build.0 = Release|x86
		{3C89FA24-C8A1-4248-B7DF-51F6990B8CA6}.AppStore|x86.Deploy.0 = Release|x86
		{3C89FA24-C8A1-4248-B7DF-51F6990B8CA6}.Debug|Any CPU.ActiveCfg = Debug|Any CPU
		{3C89FA24-C8A1-4248-B7DF-51F6990B8CA6}.Debug|Any CPU.Build.0 = Debug|Any CPU
		{3C89FA24-C8A1-4248-B7DF-51F6990B8CA6}.Debug|Any CPU.Deploy.0 = Debug|Any CPU
		{3C89FA24-C8A1-4248-B7DF-51F6990B8CA6}.Debug|ARM.ActiveCfg = Debug|ARM
		{3C89FA24-C8A1-4248-B7DF-51F6990B8CA6}.Debug|ARM.Build.0 = Debug|ARM
		{3C89FA24-C8A1-4248-B7DF-51F6990B8CA6}.Debug|ARM.Deploy.0 = Debug|ARM
		{3C89FA24-C8A1-4248-B7DF-51F6990B8CA6}.Debug|iPhone.ActiveCfg = Debug|Any CPU
		{3C89FA24-C8A1-4248-B7DF-51F6990B8CA6}.Debug|iPhoneSimulator.ActiveCfg = Debug|Any CPU
		{3C89FA24-C8A1-4248-B7DF-51F6990B8CA6}.Debug|Mixed Platforms.ActiveCfg = Debug|x86
		{3C89FA24-C8A1-4248-B7DF-51F6990B8CA6}.Debug|Mixed Platforms.Build.0 = Debug|x86
		{3C89FA24-C8A1-4248-B7DF-51F6990B8CA6}.Debug|Mixed Platforms.Deploy.0 = Debug|x86
		{3C89FA24-C8A1-4248-B7DF-51F6990B8CA6}.Debug|x64.ActiveCfg = Debug|Any CPU
		{3C89FA24-C8A1-4248-B7DF-51F6990B8CA6}.Debug|x86.ActiveCfg = Debug|x86
		{3C89FA24-C8A1-4248-B7DF-51F6990B8CA6}.Debug|x86.Build.0 = Debug|x86
		{3C89FA24-C8A1-4248-B7DF-51F6990B8CA6}.Debug|x86.Deploy.0 = Debug|x86
		{3C89FA24-C8A1-4248-B7DF-51F6990B8CA6}.Release|Any CPU.ActiveCfg = Release|Any CPU
		{3C89FA24-C8A1-4248-B7DF-51F6990B8CA6}.Release|Any CPU.Build.0 = Release|Any CPU
		{3C89FA24-C8A1-4248-B7DF-51F6990B8CA6}.Release|Any CPU.Deploy.0 = Release|Any CPU
		{3C89FA24-C8A1-4248-B7DF-51F6990B8CA6}.Release|ARM.ActiveCfg = Release|ARM
		{3C89FA24-C8A1-4248-B7DF-51F6990B8CA6}.Release|ARM.Build.0 = Release|ARM
		{3C89FA24-C8A1-4248-B7DF-51F6990B8CA6}.Release|ARM.Deploy.0 = Release|ARM
		{3C89FA24-C8A1-4248-B7DF-51F6990B8CA6}.Release|iPhone.ActiveCfg = Release|Any CPU
		{3C89FA24-C8A1-4248-B7DF-51F6990B8CA6}.Release|iPhoneSimulator.ActiveCfg = Release|Any CPU
		{3C89FA24-C8A1-4248-B7DF-51F6990B8CA6}.Release|Mixed Platforms.ActiveCfg = Release|x86
		{3C89FA24-C8A1-4248-B7DF-51F6990B8CA6}.Release|Mixed Platforms.Build.0 = Release|x86
		{3C89FA24-C8A1-4248-B7DF-51F6990B8CA6}.Release|Mixed Platforms.Deploy.0 = Release|x86
		{3C89FA24-C8A1-4248-B7DF-51F6990B8CA6}.Release|x64.ActiveCfg = Release|Any CPU
		{3C89FA24-C8A1-4248-B7DF-51F6990B8CA6}.Release|x86.ActiveCfg = Release|x86
		{3C89FA24-C8A1-4248-B7DF-51F6990B8CA6}.Release|x86.Build.0 = Release|x86
		{3C89FA24-C8A1-4248-B7DF-51F6990B8CA6}.Release|x86.Deploy.0 = Release|x86
		{FB8A080C-BE3A-4C47-A745-07AEA52A259D}.Ad-Hoc|Any CPU.ActiveCfg = Release|Any CPU
		{FB8A080C-BE3A-4C47-A745-07AEA52A259D}.Ad-Hoc|Any CPU.Build.0 = Release|Any CPU
		{FB8A080C-BE3A-4C47-A745-07AEA52A259D}.Ad-Hoc|Any CPU.Deploy.0 = Release|Any CPU
		{FB8A080C-BE3A-4C47-A745-07AEA52A259D}.Ad-Hoc|ARM.ActiveCfg = Release|ARM
		{FB8A080C-BE3A-4C47-A745-07AEA52A259D}.Ad-Hoc|ARM.Build.0 = Release|ARM
		{FB8A080C-BE3A-4C47-A745-07AEA52A259D}.Ad-Hoc|ARM.Deploy.0 = Release|ARM
		{FB8A080C-BE3A-4C47-A745-07AEA52A259D}.Ad-Hoc|iPhone.ActiveCfg = Release|Any CPU
		{FB8A080C-BE3A-4C47-A745-07AEA52A259D}.Ad-Hoc|iPhoneSimulator.ActiveCfg = Release|Any CPU
		{FB8A080C-BE3A-4C47-A745-07AEA52A259D}.Ad-Hoc|Mixed Platforms.ActiveCfg = Release|x86
		{FB8A080C-BE3A-4C47-A745-07AEA52A259D}.Ad-Hoc|Mixed Platforms.Build.0 = Release|x86
		{FB8A080C-BE3A-4C47-A745-07AEA52A259D}.Ad-Hoc|Mixed Platforms.Deploy.0 = Release|x86
		{FB8A080C-BE3A-4C47-A745-07AEA52A259D}.Ad-Hoc|x64.ActiveCfg = Release|x64
		{FB8A080C-BE3A-4C47-A745-07AEA52A259D}.Ad-Hoc|x64.Build.0 = Release|x64
		{FB8A080C-BE3A-4C47-A745-07AEA52A259D}.Ad-Hoc|x64.Deploy.0 = Release|x64
		{FB8A080C-BE3A-4C47-A745-07AEA52A259D}.Ad-Hoc|x86.ActiveCfg = Release|x86
		{FB8A080C-BE3A-4C47-A745-07AEA52A259D}.Ad-Hoc|x86.Build.0 = Release|x86
		{FB8A080C-BE3A-4C47-A745-07AEA52A259D}.Ad-Hoc|x86.Deploy.0 = Release|x86
		{FB8A080C-BE3A-4C47-A745-07AEA52A259D}.AppStore|Any CPU.ActiveCfg = Release|Any CPU
		{FB8A080C-BE3A-4C47-A745-07AEA52A259D}.AppStore|Any CPU.Build.0 = Release|Any CPU
		{FB8A080C-BE3A-4C47-A745-07AEA52A259D}.AppStore|Any CPU.Deploy.0 = Release|Any CPU
		{FB8A080C-BE3A-4C47-A745-07AEA52A259D}.AppStore|ARM.ActiveCfg = Release|ARM
		{FB8A080C-BE3A-4C47-A745-07AEA52A259D}.AppStore|ARM.Build.0 = Release|ARM
		{FB8A080C-BE3A-4C47-A745-07AEA52A259D}.AppStore|ARM.Deploy.0 = Release|ARM
		{FB8A080C-BE3A-4C47-A745-07AEA52A259D}.AppStore|iPhone.ActiveCfg = Release|Any CPU
		{FB8A080C-BE3A-4C47-A745-07AEA52A259D}.AppStore|iPhoneSimulator.ActiveCfg = Release|Any CPU
		{FB8A080C-BE3A-4C47-A745-07AEA52A259D}.AppStore|Mixed Platforms.ActiveCfg = Release|x86
		{FB8A080C-BE3A-4C47-A745-07AEA52A259D}.AppStore|Mixed Platforms.Build.0 = Release|x86
		{FB8A080C-BE3A-4C47-A745-07AEA52A259D}.AppStore|Mixed Platforms.Deploy.0 = Release|x86
		{FB8A080C-BE3A-4C47-A745-07AEA52A259D}.AppStore|x64.ActiveCfg = Release|x64
		{FB8A080C-BE3A-4C47-A745-07AEA52A259D}.AppStore|x64.Build.0 = Release|x64
		{FB8A080C-BE3A-4C47-A745-07AEA52A259D}.AppStore|x64.Deploy.0 = Release|x64
		{FB8A080C-BE3A-4C47-A745-07AEA52A259D}.AppStore|x86.ActiveCfg = Release|x86
		{FB8A080C-BE3A-4C47-A745-07AEA52A259D}.AppStore|x86.Build.0 = Release|x86
		{FB8A080C-BE3A-4C47-A745-07AEA52A259D}.AppStore|x86.Deploy.0 = Release|x86
		{FB8A080C-BE3A-4C47-A745-07AEA52A259D}.Debug|Any CPU.ActiveCfg = Debug|Any CPU
		{FB8A080C-BE3A-4C47-A745-07AEA52A259D}.Debug|Any CPU.Build.0 = Debug|Any CPU
		{FB8A080C-BE3A-4C47-A745-07AEA52A259D}.Debug|Any CPU.Deploy.0 = Debug|Any CPU
		{FB8A080C-BE3A-4C47-A745-07AEA52A259D}.Debug|ARM.ActiveCfg = Debug|ARM
		{FB8A080C-BE3A-4C47-A745-07AEA52A259D}.Debug|ARM.Build.0 = Debug|ARM
		{FB8A080C-BE3A-4C47-A745-07AEA52A259D}.Debug|ARM.Deploy.0 = Debug|ARM
		{FB8A080C-BE3A-4C47-A745-07AEA52A259D}.Debug|iPhone.ActiveCfg = Debug|Any CPU
		{FB8A080C-BE3A-4C47-A745-07AEA52A259D}.Debug|iPhoneSimulator.ActiveCfg = Debug|Any CPU
		{FB8A080C-BE3A-4C47-A745-07AEA52A259D}.Debug|Mixed Platforms.ActiveCfg = Debug|x86
		{FB8A080C-BE3A-4C47-A745-07AEA52A259D}.Debug|Mixed Platforms.Build.0 = Debug|x86
		{FB8A080C-BE3A-4C47-A745-07AEA52A259D}.Debug|Mixed Platforms.Deploy.0 = Debug|x86
		{FB8A080C-BE3A-4C47-A745-07AEA52A259D}.Debug|x64.ActiveCfg = Debug|x64
		{FB8A080C-BE3A-4C47-A745-07AEA52A259D}.Debug|x64.Build.0 = Debug|x64
		{FB8A080C-BE3A-4C47-A745-07AEA52A259D}.Debug|x64.Deploy.0 = Debug|x64
		{FB8A080C-BE3A-4C47-A745-07AEA52A259D}.Debug|x86.ActiveCfg = Debug|x86
		{FB8A080C-BE3A-4C47-A745-07AEA52A259D}.Debug|x86.Build.0 = Debug|x86
		{FB8A080C-BE3A-4C47-A745-07AEA52A259D}.Debug|x86.Deploy.0 = Debug|x86
		{FB8A080C-BE3A-4C47-A745-07AEA52A259D}.Release|Any CPU.ActiveCfg = Release|Any CPU
		{FB8A080C-BE3A-4C47-A745-07AEA52A259D}.Release|Any CPU.Build.0 = Release|Any CPU
		{FB8A080C-BE3A-4C47-A745-07AEA52A259D}.Release|Any CPU.Deploy.0 = Release|Any CPU
		{FB8A080C-BE3A-4C47-A745-07AEA52A259D}.Release|ARM.ActiveCfg = Release|ARM
		{FB8A080C-BE3A-4C47-A745-07AEA52A259D}.Release|ARM.Build.0 = Release|ARM
		{FB8A080C-BE3A-4C47-A745-07AEA52A259D}.Release|ARM.Deploy.0 = Release|ARM
		{FB8A080C-BE3A-4C47-A745-07AEA52A259D}.Release|iPhone.ActiveCfg = Release|Any CPU
		{FB8A080C-BE3A-4C47-A745-07AEA52A259D}.Release|iPhoneSimulator.ActiveCfg = Release|Any CPU
		{FB8A080C-BE3A-4C47-A745-07AEA52A259D}.Release|Mixed Platforms.ActiveCfg = Release|x86
		{FB8A080C-BE3A-4C47-A745-07AEA52A259D}.Release|Mixed Platforms.Build.0 = Release|x86
		{FB8A080C-BE3A-4C47-A745-07AEA52A259D}.Release|Mixed Platforms.Deploy.0 = Release|x86
		{FB8A080C-BE3A-4C47-A745-07AEA52A259D}.Release|x64.ActiveCfg = Release|x64
		{FB8A080C-BE3A-4C47-A745-07AEA52A259D}.Release|x64.Build.0 = Release|x64
		{FB8A080C-BE3A-4C47-A745-07AEA52A259D}.Release|x64.Deploy.0 = Release|x64
		{FB8A080C-BE3A-4C47-A745-07AEA52A259D}.Release|x86.ActiveCfg = Release|x86
		{FB8A080C-BE3A-4C47-A745-07AEA52A259D}.Release|x86.Build.0 = Release|x86
		{FB8A080C-BE3A-4C47-A745-07AEA52A259D}.Release|x86.Deploy.0 = Release|x86
		{2CA6F6FA-8274-4DD4-AA26-28D8C8D03456}.Ad-Hoc|Any CPU.ActiveCfg = Ad-Hoc|iPhone
		{2CA6F6FA-8274-4DD4-AA26-28D8C8D03456}.Ad-Hoc|ARM.ActiveCfg = Ad-Hoc|iPhone
		{2CA6F6FA-8274-4DD4-AA26-28D8C8D03456}.Ad-Hoc|iPhone.ActiveCfg = Ad-Hoc|iPhone
		{2CA6F6FA-8274-4DD4-AA26-28D8C8D03456}.Ad-Hoc|iPhone.Build.0 = Ad-Hoc|iPhone
		{2CA6F6FA-8274-4DD4-AA26-28D8C8D03456}.Ad-Hoc|iPhoneSimulator.ActiveCfg = Ad-Hoc|iPhoneSimulator
		{2CA6F6FA-8274-4DD4-AA26-28D8C8D03456}.Ad-Hoc|iPhoneSimulator.Build.0 = Ad-Hoc|iPhoneSimulator
		{2CA6F6FA-8274-4DD4-AA26-28D8C8D03456}.Ad-Hoc|Mixed Platforms.ActiveCfg = Ad-Hoc|iPhone
		{2CA6F6FA-8274-4DD4-AA26-28D8C8D03456}.Ad-Hoc|Mixed Platforms.Build.0 = Ad-Hoc|iPhone
		{2CA6F6FA-8274-4DD4-AA26-28D8C8D03456}.Ad-Hoc|x64.ActiveCfg = Ad-Hoc|iPhone
		{2CA6F6FA-8274-4DD4-AA26-28D8C8D03456}.Ad-Hoc|x86.ActiveCfg = Ad-Hoc|iPhone
		{2CA6F6FA-8274-4DD4-AA26-28D8C8D03456}.AppStore|Any CPU.ActiveCfg = AppStore|iPhone
		{2CA6F6FA-8274-4DD4-AA26-28D8C8D03456}.AppStore|ARM.ActiveCfg = AppStore|iPhone
		{2CA6F6FA-8274-4DD4-AA26-28D8C8D03456}.AppStore|iPhone.ActiveCfg = AppStore|iPhone
		{2CA6F6FA-8274-4DD4-AA26-28D8C8D03456}.AppStore|iPhone.Build.0 = AppStore|iPhone
		{2CA6F6FA-8274-4DD4-AA26-28D8C8D03456}.AppStore|iPhoneSimulator.ActiveCfg = AppStore|iPhoneSimulator
		{2CA6F6FA-8274-4DD4-AA26-28D8C8D03456}.AppStore|iPhoneSimulator.Build.0 = AppStore|iPhoneSimulator
		{2CA6F6FA-8274-4DD4-AA26-28D8C8D03456}.AppStore|Mixed Platforms.ActiveCfg = AppStore|iPhone
		{2CA6F6FA-8274-4DD4-AA26-28D8C8D03456}.AppStore|Mixed Platforms.Build.0 = AppStore|iPhone
		{2CA6F6FA-8274-4DD4-AA26-28D8C8D03456}.AppStore|x64.ActiveCfg = AppStore|iPhone
		{2CA6F6FA-8274-4DD4-AA26-28D8C8D03456}.AppStore|x86.ActiveCfg = AppStore|iPhone
		{2CA6F6FA-8274-4DD4-AA26-28D8C8D03456}.Debug|Any CPU.ActiveCfg = Debug|iPhone
		{2CA6F6FA-8274-4DD4-AA26-28D8C8D03456}.Debug|ARM.ActiveCfg = Debug|iPhone
		{2CA6F6FA-8274-4DD4-AA26-28D8C8D03456}.Debug|iPhone.ActiveCfg = Debug|iPhone
		{2CA6F6FA-8274-4DD4-AA26-28D8C8D03456}.Debug|iPhone.Build.0 = Debug|iPhone
		{2CA6F6FA-8274-4DD4-AA26-28D8C8D03456}.Debug|iPhoneSimulator.ActiveCfg = Debug|iPhoneSimulator
		{2CA6F6FA-8274-4DD4-AA26-28D8C8D03456}.Debug|iPhoneSimulator.Build.0 = Debug|iPhoneSimulator
		{2CA6F6FA-8274-4DD4-AA26-28D8C8D03456}.Debug|Mixed Platforms.ActiveCfg = Debug|iPhone
		{2CA6F6FA-8274-4DD4-AA26-28D8C8D03456}.Debug|Mixed Platforms.Build.0 = Debug|iPhone
		{2CA6F6FA-8274-4DD4-AA26-28D8C8D03456}.Debug|x64.ActiveCfg = Debug|iPhone
		{2CA6F6FA-8274-4DD4-AA26-28D8C8D03456}.Debug|x86.ActiveCfg = Debug|iPhone
		{2CA6F6FA-8274-4DD4-AA26-28D8C8D03456}.Release|Any CPU.ActiveCfg = Release|iPhone
		{2CA6F6FA-8274-4DD4-AA26-28D8C8D03456}.Release|ARM.ActiveCfg = Release|iPhone
		{2CA6F6FA-8274-4DD4-AA26-28D8C8D03456}.Release|iPhone.ActiveCfg = Release|iPhone
		{2CA6F6FA-8274-4DD4-AA26-28D8C8D03456}.Release|iPhone.Build.0 = Release|iPhone
		{2CA6F6FA-8274-4DD4-AA26-28D8C8D03456}.Release|iPhoneSimulator.ActiveCfg = Release|iPhoneSimulator
		{2CA6F6FA-8274-4DD4-AA26-28D8C8D03456}.Release|iPhoneSimulator.Build.0 = Release|iPhoneSimulator
		{2CA6F6FA-8274-4DD4-AA26-28D8C8D03456}.Release|Mixed Platforms.ActiveCfg = Release|iPhone
		{2CA6F6FA-8274-4DD4-AA26-28D8C8D03456}.Release|Mixed Platforms.Build.0 = Release|iPhone
		{2CA6F6FA-8274-4DD4-AA26-28D8C8D03456}.Release|x64.ActiveCfg = Release|iPhone
		{2CA6F6FA-8274-4DD4-AA26-28D8C8D03456}.Release|x86.ActiveCfg = Release|iPhone
	EndGlobalSection
	GlobalSection(SolutionProperties) = preSolution
		HideSolutionNode = FALSE
	EndGlobalSection
EndGlobal
